
Microsoft Visual Studio Solution File, Format Version 12.00
# Visual Studio 2013
VisualStudioVersion = 12.0.31101.0
MinimumVisualStudioVersion = 10.0.40219.1
Project("{FAE04EC0-301F-11D3-BF4B-00C04F79EFBC}") = "CraigerEightOhEighter", "CraigerEightOhEighter.csproj", "{DA2D8089-ADF0-496C-8407-D099FF8917B6}"
EndProject
Project("{FAE04EC0-301F-11D3-BF4B-00C04F79EFBC}") = "CraigerEightOhEighterTests", "CraigerEightOhEighterTests\CraigerEightOhEighterTests.csproj", "{145E84DD-7B02-4743-84B7-FD2A32AAEE10}"
EndProject
Global
	GlobalSection(SolutionConfigurationPlatforms) = preSolution
		Debug|Any CPU = Debug|Any CPU
		Release|Any CPU = Release|Any CPU
	EndGlobalSection
	GlobalSection(ProjectConfigurationPlatforms) = postSolution
		{DA2D8089-ADF0-496C-8407-D099FF8917B6}.Debug|Any CPU.ActiveCfg = Debug|Any CPU
		{DA2D8089-ADF0-496C-8407-D099FF8917B6}.Debug|Any CPU.Build.0 = Debug|Any CPU
		{DA2D8089-ADF0-496C-8407-D099FF8917B6}.Release|Any CPU.ActiveCfg = Release|Any CPU
		{DA2D8089-ADF0-496C-8407-D099FF8917B6}.Release|Any CPU.Build.0 = Release|Any CPU
		{145E84DD-7B02-4743-84B7-FD2A32AAEE10}.Debug|Any CPU.ActiveCfg = Debug|Any CPU
		{145E84DD-7B02-4743-84B7-FD2A32AAEE10}.Debug|Any CPU.Build.0 = Debug|Any CPU
		{145E84DD-7B02-4743-84B7-FD2A32AAEE10}.Release|Any CPU.ActiveCfg = Release|Any CPU
		{145E84DD-7B02-4743-84B7-FD2A32AAEE10}.Release|Any CPU.Build.0 = Release|Any CPU
	EndGlobalSection
	GlobalSection(SolutionProperties) = preSolution
		HideSolutionNode = FALSE
	EndGlobalSection
EndGlobal
